
Microsoft Visual Studio Solution File, Format Version 12.00
# Visual Studio Version 16
VisualStudioVersion = 16.0.30104.148
MinimumVisualStudioVersion = 10.0.40219.1
Project("{FAE04EC0-301F-11D3-BF4B-00C04F79EFBC}") = "MuseumTourBackEnd", "MuseumTourBackEnd.csproj", "{4128192C-1D0B-4917-9AEC-9B56B3981062}"
EndProject
Global
	GlobalSection(SolutionConfigurationPlatforms) = preSolution
		Debug|Any CPU = Debug|Any CPU
		Release|Any CPU = Release|Any CPU
	EndGlobalSection
	GlobalSection(ProjectConfigurationPlatforms) = postSolution
		{4128192C-1D0B-4917-9AEC-9B56B3981062}.Debug|Any CPU.ActiveCfg = Debug|Any CPU
		{4128192C-1D0B-4917-9AEC-9B56B3981062}.Debug|Any CPU.Build.0 = Debug|Any CPU
		{4128192C-1D0B-4917-9AEC-9B56B3981062}.Release|Any CPU.ActiveCfg = Release|Any CPU
		{4128192C-1D0B-4917-9AEC-9B56B3981062}.Release|Any CPU.Build.0 = Release|Any CPU
	EndGlobalSection
	GlobalSection(SolutionProperties) = preSolution
		HideSolutionNode = FALSE
	EndGlobalSection
	GlobalSection(ExtensibilityGlobals) = postSolution
		SolutionGuid = {33A179C8-88CD-4C15-B72F-042578301DC6}
	EndGlobalSection
EndGlobal
